
Microsoft Visual Studio Solution File, Format Version 12.00
Project("{FAE04EC0-301F-11D3-BF4B-00C04F79EFBC}") = "BatalhaNaval.Domain", "src\BatalhaNaval.Domain\BatalhaNaval.Domain.csproj", "{BD495A8F-12FF-4686-9B7E-90747EC24831}"
EndProject
Project("{FAE04EC0-301F-11D3-BF4B-00C04F79EFBC}") = "BatalhaNaval.Application", "src\BatalhaNaval.Application\BatalhaNaval.Application.csproj", "{053A0875-3492-47B2-B2C1-7D463ACA6792}"
EndProject
Project("{FAE04EC0-301F-11D3-BF4B-00C04F79EFBC}") = "BatalhaNaval.Infrastructure", "src\BatalhaNaval.Infrastructure\BatalhaNaval.Infrastructure.csproj", "{ACF59A26-893D-42A3-B049-7F78FE5A1B4F}"
EndProject
Project("{FAE04EC0-301F-11D3-BF4B-00C04F79EFBC}") = "BatalhaNaval.API", "src\BatalhaNaval.API\BatalhaNaval.API.csproj", "{14FCEE97-5C4D-435A-B7FC-2C44B79D8893}"
EndProject
Project("{2150E333-8FDC-42A3-9474-1A3956D46DE8}") = "src", "src", "{85370429-8BF1-467E-B0A7-3BD7BF21218A}"
EndProject
Project("{2150E333-8FDC-42A3-9474-1A3956D46DE8}") = "tests", "tests", "{501A058F-600D-4B85-8170-3774AF832E9C}"
EndProject
Project("{FAE04EC0-301F-11D3-BF4B-00C04F79EFBC}") = "BatalhaNaval.IntegrationTests", "tests\BatalhaNaval.IntegrationTests\BatalhaNaval.IntegrationTests.csproj", "{16E21470-5D14-49BA-BC69-20666DFF009B}"
EndProject
Project("{FAE04EC0-301F-11D3-BF4B-00C04F79EFBC}") = "BatalhaNaval.UnitTests", "tests\BatalhaNaval.UnitTests\BatalhaNaval.UnitTests.csproj", "{155884D1-4B47-4E28-9429-C7D8AFFD0274}"
EndProject
Global
	GlobalSection(SolutionConfigurationPlatforms) = preSolution
		Debug|Any CPU = Debug|Any CPU
		Debug|x64 = Debug|x64
		Debug|x86 = Debug|x86
		Release|Any CPU = Release|Any CPU
		Release|x64 = Release|x64
		Release|x86 = Release|x86
	EndGlobalSection
	GlobalSection(ProjectConfigurationPlatforms) = postSolution
		{BD495A8F-12FF-4686-9B7E-90747EC24831}.Debug|Any CPU.ActiveCfg = Debug|Any CPU
		{BD495A8F-12FF-4686-9B7E-90747EC24831}.Debug|Any CPU.Build.0 = Debug|Any CPU
		{BD495A8F-12FF-4686-9B7E-90747EC24831}.Debug|x64.ActiveCfg = Debug|Any CPU
		{BD495A8F-12FF-4686-9B7E-90747EC24831}.Debug|x64.Build.0 = Debug|Any CPU
		{BD495A8F-12FF-4686-9B7E-90747EC24831}.Debug|x86.ActiveCfg = Debug|Any CPU
		{BD495A8F-12FF-4686-9B7E-90747EC24831}.Debug|x86.Build.0 = Debug|Any CPU
		{BD495A8F-12FF-4686-9B7E-90747EC24831}.Release|Any CPU.ActiveCfg = Release|Any CPU
		{BD495A8F-12FF-4686-9B7E-90747EC24831}.Release|Any CPU.Build.0 = Release|Any CPU
		{BD495A8F-12FF-4686-9B7E-90747EC24831}.Release|x64.ActiveCfg = Release|Any CPU
		{BD495A8F-12FF-4686-9B7E-90747EC24831}.Release|x64.Build.0 = Release|Any CPU
		{BD495A8F-12FF-4686-9B7E-90747EC24831}.Release|x86.ActiveCfg = Release|Any CPU
		{BD495A8F-12FF-4686-9B7E-90747EC24831}.Release|x86.Build.0 = Release|Any CPU
		{053A0875-3492-47B2-B2C1-7D463ACA6792}.Debug|Any CPU.ActiveCfg = Debug|Any CPU
		{053A0875-3492-47B2-B2C1-7D463ACA6792}.Debug|Any CPU.Build.0 = Debug|Any CPU
		{053A0875-3492-47B2-B2C1-7D463ACA6792}.Debug|x64.ActiveCfg = Debug|Any CPU
		{053A0875-3492-47B2-B2C1-7D463ACA6792}.Debug|x64.Build.0 = Debug|Any CPU
		{053A0875-3492-47B2-B2C1-7D463ACA6792}.Debug|x86.ActiveCfg = Debug|Any CPU
		{053A0875-3492-47B2-B2C1-7D463ACA6792}.Debug|x86.Build.0 = Debug|Any CPU
		{053A0875-3492-47B2-B2C1-7D463ACA6792}.Release|Any CPU.ActiveCfg = Release|Any CPU
		{053A0875-3492-47B2-B2C1-7D463ACA6792}.Release|Any CPU.Build.0 = Release|Any CPU
		{053A0875-3492-47B2-B2C1-7D463ACA6792}.Release|x64.ActiveCfg = Release|Any CPU
		{053A0875-3492-47B2-B2C1-7D463ACA6792}.Release|x64.Build.0 = Release|Any CPU
		{053A0875-3492-47B2-B2C1-7D463ACA6792}.Release|x86.ActiveCfg = Release|Any CPU
		{053A0875-3492-47B2-B2C1-7D463ACA6792}.Release|x86.Build.0 = Release|Any CPU
		{ACF59A26-893D-42A3-B049-7F78FE5A1B4F}.Debug|Any CPU.ActiveCfg = Debug|Any CPU
		{ACF59A26-893D-42A3-B049-7F78FE5A1B4F}.Debug|Any CPU.Build.0 = Debug|Any CPU
		{ACF59A26-893D-42A3-B049-7F78FE5A1B4F}.Debug|x64.ActiveCfg = Debug|Any CPU
		{ACF59A26-893D-42A3-B049-7F78FE5A1B4F}.Debug|x64.Build.0 = Debug|Any CPU
		{ACF59A26-893D-42A3-B049-7F78FE5A1B4F}.Debug|x86.ActiveCfg = Debug|Any CPU
		{ACF59A26-893D-42A3-B049-7F78FE5A1B4F}.Debug|x86.Build.0 = Debug|Any CPU
		{ACF59A26-893D-42A3-B049-7F78FE5A1B4F}.Release|Any CPU.ActiveCfg = Release|Any CPU
		{ACF59A26-893D-42A3-B049-7F78FE5A1B4F}.Release|Any CPU.Build.0 = Release|Any CPU
		{ACF59A26-893D-42A3-B049-7F78FE5A1B4F}.Release|x64.ActiveCfg = Release|Any CPU
		{ACF59A26-893D-42A3-B049-7F78FE5A1B4F}.Release|x64.Build.0 = Release|Any CPU
		{ACF59A26-893D-42A3-B049-7F78FE5A1B4F}.Release|x86.ActiveCfg = Release|Any CPU
		{ACF59A26-893D-42A3-B049-7F78FE5A1B4F}.Release|x86.Build.0 = Release|Any CPU
		{14FCEE97-5C4D-435A-B7FC-2C44B79D8893}.Debug|Any CPU.ActiveCfg = Debug|Any CPU
		{14FCEE97-5C4D-435A-B7FC-2C44B79D8893}.Debug|Any CPU.Build.0 = Debug|Any CPU
		{14FCEE97-5C4D-435A-B7FC-2C44B79D8893}.Debug|x64.ActiveCfg = Debug|Any CPU
		{14FCEE97-5C4D-435A-B7FC-2C44B79D8893}.Debug|x64.Build.0 = Debug|Any CPU
		{14FCEE97-5C4D-435A-B7FC-2C44B79D8893}.Debug|x86.ActiveCfg = Debug|Any CPU
		{14FCEE97-5C4D-435A-B7FC-2C44B79D8893}.Debug|x86.Build.0 = Debug|Any CPU
		{14FCEE97-5C4D-435A-B7FC-2C44B79D8893}.Release|Any CPU.ActiveCfg = Release|Any CPU
		{14FCEE97-5C4D-435A-B7FC-2C44B79D8893}.Release|Any CPU.Build.0 = Release|Any CPU
		{14FCEE97-5C4D-435A-B7FC-2C44B79D8893}.Release|x64.ActiveCfg = Release|Any CPU
		{14FCEE97-5C4D-435A-B7FC-2C44B79D8893}.Release|x64.Build.0 = Release|Any CPU
		{14FCEE97-5C4D-435A-B7FC-2C44B79D8893}.Release|x86.ActiveCfg = Release|Any CPU
		{14FCEE97-5C4D-435A-B7FC-2C44B79D8893}.Release|x86.Build.0 = Release|Any CPU
		{16E21470-5D14-49BA-BC69-20666DFF009B}.Debug|Any CPU.ActiveCfg = Debug|Any CPU
		{16E21470-5D14-49BA-BC69-20666DFF009B}.Debug|Any CPU.Build.0 = Debug|Any CPU
		{16E21470-5D14-49BA-BC69-20666DFF009B}.Debug|x64.ActiveCfg = Debug|Any CPU
		{16E21470-5D14-49BA-BC69-20666DFF009B}.Debug|x64.Build.0 = Debug|Any CPU
		{16E21470-5D14-49BA-BC69-20666DFF009B}.Debug|x86.ActiveCfg = Debug|Any CPU
		{16E21470-5D14-49BA-BC69-20666DFF009B}.Debug|x86.Build.0 = Debug|Any CPU
		{16E21470-5D14-49BA-BC69-20666DFF009B}.Release|Any CPU.ActiveCfg = Release|Any CPU
		{16E21470-5D14-49BA-BC69-20666DFF009B}.Release|Any CPU.Build.0 = Release|Any CPU
		{16E21470-5D14-49BA-BC69-20666DFF009B}.Release|x64.ActiveCfg = Release|Any CPU
		{16E21470-5D14-49BA-BC69-20666DFF009B}.Release|x64.Build.0 = Release|Any CPU
		{16E21470-5D14-49BA-BC69-20666DFF009B}.Release|x86.ActiveCfg = Release|Any CPU
		{16E21470-5D14-49BA-BC69-20666DFF009B}.Release|x86.Build.0 = Release|Any CPU
		{155884D1-4B47-4E28-9429-C7D8AFFD0274}.Debug|Any CPU.ActiveCfg = Debug|Any CPU
		{155884D1-4B47-4E28-9429-C7D8AFFD0274}.Debug|Any CPU.Build.0 = Debug|Any CPU
		{155884D1-4B47-4E28-9429-C7D8AFFD0274}.Debug|x64.ActiveCfg = Debug|Any CPU
		{155884D1-4B47-4E28-9429-C7D8AFFD0274}.Debug|x64.Build.0 = Debug|Any CPU
		{155884D1-4B47-4E28-9429-C7D8AFFD0274}.Debug|x86.ActiveCfg = Debug|Any CPU
		{155884D1-4B47-4E28-9429-C7D8AFFD0274}.Debug|x86.Build.0 = Debug|Any CPU
		{155884D1-4B47-4E28-9429-C7D8AFFD0274}.Release|Any CPU.ActiveCfg = Release|Any CPU
		{155884D1-4B47-4E28-9429-C7D8AFFD0274}.Release|Any CPU.Build.0 = Release|Any CPU
		{155884D1-4B47-4E28-9429-C7D8AFFD0274}.Release|x64.ActiveCfg = Release|Any CPU
		{155884D1-4B47-4E28-9429-C7D8AFFD0274}.Release|x64.Build.0 = Release|Any CPU
		{155884D1-4B47-4E28-9429-C7D8AFFD0274}.Release|x86.ActiveCfg = Release|Any CPU
		{155884D1-4B47-4E28-9429-C7D8AFFD0274}.Release|x86.Build.0 = Release|Any CPU
	EndGlobalSection
	GlobalSection(SolutionProperties) = preSolution
		HideSolutionNode = FALSE
	EndGlobalSection
	GlobalSection(NestedProjects) = preSolution
		{BD495A8F-12FF-4686-9B7E-90747EC24831} = {85370429-8BF1-467E-B0A7-3BD7BF21218A}
		{053A0875-3492-47B2-B2C1-7D463ACA6792} = {85370429-8BF1-467E-B0A7-3BD7BF21218A}
		{ACF59A26-893D-42A3-B049-7F78FE5A1B4F} = {85370429-8BF1-467E-B0A7-3BD7BF21218A}
		{14FCEE97-5C4D-435A-B7FC-2C44B79D8893} = {85370429-8BF1-467E-B0A7-3BD7BF21218A}
		{16E21470-5D14-49BA-BC69-20666DFF009B} = {501A058F-600D-4B85-8170-3774AF832E9C}
		{155884D1-4B47-4E28-9429-C7D8AFFD0274} = {501A058F-600D-4B85-8170-3774AF832E9C}
	EndGlobalSection
EndGlobal
